
Microsoft Visual Studio Solution File, Format Version 12.00
# Visual Studio Version 16
VisualStudioVersion = 16.0.30204.135
MinimumVisualStudioVersion = 10.0.40219.1
Project("{FAE04EC0-301F-11D3-BF4B-00C04F79EFBC}") = "SassaDirectCapture", "SassaDirectCapture\SassaDirectCapture.csproj", "{0D9F4B79-0F37-48D3-B32B-E9DF56CD952A}"
EndProject
Global
	GlobalSection(SolutionConfigurationPlatforms) = preSolution
		Debug|Any CPU = Debug|Any CPU
		Debug|x64 = Debug|x64
		Debug|x86 = Debug|x86
		Release|Any CPU = Release|Any CPU
		Release|x64 = Release|x64
		Release|x86 = Release|x86
	EndGlobalSection
	GlobalSection(ProjectConfigurationPlatforms) = postSolution
		{0D9F4B79-0F37-48D3-B32B-E9DF56CD952A}.Debug|Any CPU.ActiveCfg = Debug|Any CPU
		{0D9F4B79-0F37-48D3-B32B-E9DF56CD952A}.Debug|Any CPU.Build.0 = Debug|Any CPU
		{0D9F4B79-0F37-48D3-B32B-E9DF56CD952A}.Debug|x64.ActiveCfg = Debug|x64
		{0D9F4B79-0F37-48D3-B32B-E9DF56CD952A}.Debug|x64.Build.0 = Debug|x64
		{0D9F4B79-0F37-48D3-B32B-E9DF56CD952A}.Debug|x86.ActiveCfg = Debug|x86
		{0D9F4B79-0F37-48D3-B32B-E9DF56CD952A}.Debug|x86.Build.0 = Debug|x86
		{0D9F4B79-0F37-48D3-B32B-E9DF56CD952A}.Release|Any CPU.ActiveCfg = Release|Any CPU
		{0D9F4B79-0F37-48D3-B32B-E9DF56CD952A}.Release|Any CPU.Build.0 = Release|Any CPU
		{0D9F4B79-0F37-48D3-B32B-E9DF56CD952A}.Release|x64.ActiveCfg = Release|x64
		{0D9F4B79-0F37-48D3-B32B-E9DF56CD952A}.Release|x64.Build.0 = Release|x64
		{0D9F4B79-0F37-48D3-B32B-E9DF56CD952A}.Release|x86.ActiveCfg = Release|x86
		{0D9F4B79-0F37-48D3-B32B-E9DF56CD952A}.Release|x86.Build.0 = Release|x86
	EndGlobalSection
	GlobalSection(SolutionProperties) = preSolution
		HideSolutionNode = FALSE
	EndGlobalSection
	GlobalSection(ExtensibilityGlobals) = postSolution
		SolutionGuid = {A3142973-5C8D-4835-93BD-BB615DD50BD1}
	EndGlobalSection
EndGlobal
